
Microsoft Visual Studio Solution File, Format Version 12.00
# Visual Studio Version 17
VisualStudioVersion = 17.4.33213.308
MinimumVisualStudioVersion = 10.0.40219.1
Project("{FAE04EC0-301F-11D3-BF4B-00C04F79EFBC}") = "Domain", "Domain\Domain.csproj", "{69576358-022C-4B8B-A8A6-41D18417186F}"
EndProject
Project("{FAE04EC0-301F-11D3-BF4B-00C04F79EFBC}") = "Persistance", "Persistance\Persistance.csproj", "{69173989-650A-45FC-88F8-BFD1549AF1F4}"
EndProject
Project("{FAE04EC0-301F-11D3-BF4B-00C04F79EFBC}") = "SheduleMatchWeb", "SheduleMatchWeb\SheduleMatchWeb.csproj", "{02ABD1CB-E52B-4EA4-A1E3-F30FA6D0B54C}"
EndProject
Project("{FAE04EC0-301F-11D3-BF4B-00C04F79EFBC}") = "Aplication", "Aplication\Aplication.csproj", "{F9BE6D74-A2D5-4DF7-B4E5-57F5A26E6DD3}"
EndProject
Global
	GlobalSection(SolutionConfigurationPlatforms) = preSolution
		Debug|Any CPU = Debug|Any CPU
		Release|Any CPU = Release|Any CPU
	EndGlobalSection
	GlobalSection(ProjectConfigurationPlatforms) = postSolution
		{69576358-022C-4B8B-A8A6-41D18417186F}.Debug|Any CPU.ActiveCfg = Debug|Any CPU
		{69576358-022C-4B8B-A8A6-41D18417186F}.Debug|Any CPU.Build.0 = Debug|Any CPU
		{69576358-022C-4B8B-A8A6-41D18417186F}.Release|Any CPU.ActiveCfg = Release|Any CPU
		{69576358-022C-4B8B-A8A6-41D18417186F}.Release|Any CPU.Build.0 = Release|Any CPU
		{69173989-650A-45FC-88F8-BFD1549AF1F4}.Debug|Any CPU.ActiveCfg = Debug|Any CPU
		{69173989-650A-45FC-88F8-BFD1549AF1F4}.Debug|Any CPU.Build.0 = Debug|Any CPU
		{69173989-650A-45FC-88F8-BFD1549AF1F4}.Release|Any CPU.ActiveCfg = Release|Any CPU
		{69173989-650A-45FC-88F8-BFD1549AF1F4}.Release|Any CPU.Build.0 = Release|Any CPU
		{02ABD1CB-E52B-4EA4-A1E3-F30FA6D0B54C}.Debug|Any CPU.ActiveCfg = Debug|Any CPU
		{02ABD1CB-E52B-4EA4-A1E3-F30FA6D0B54C}.Debug|Any CPU.Build.0 = Debug|Any CPU
		{02ABD1CB-E52B-4EA4-A1E3-F30FA6D0B54C}.Release|Any CPU.ActiveCfg = Release|Any CPU
		{02ABD1CB-E52B-4EA4-A1E3-F30FA6D0B54C}.Release|Any CPU.Build.0 = Release|Any CPU
		{F9BE6D74-A2D5-4DF7-B4E5-57F5A26E6DD3}.Debug|Any CPU.ActiveCfg = Debug|Any CPU
		{F9BE6D74-A2D5-4DF7-B4E5-57F5A26E6DD3}.Debug|Any CPU.Build.0 = Debug|Any CPU
		{F9BE6D74-A2D5-4DF7-B4E5-57F5A26E6DD3}.Release|Any CPU.ActiveCfg = Release|Any CPU
		{F9BE6D74-A2D5-4DF7-B4E5-57F5A26E6DD3}.Release|Any CPU.Build.0 = Release|Any CPU
	EndGlobalSection
	GlobalSection(SolutionProperties) = preSolution
		HideSolutionNode = FALSE
	EndGlobalSection
	GlobalSection(ExtensibilityGlobals) = postSolution
		SolutionGuid = {C15FED24-75FE-421D-AD00-AC438E9D76A6}
	EndGlobalSection
EndGlobal
